# THIS IS AN AUTOGENERATED FILE. DO NOT EDIT THIS FILE DIRECTLY.
# yarn lockfile v1


CSSselect@~0.4.0:
  version "0.4.1"
  resolved "https://registry.yarnpkg.com/CSSselect/-/CSSselect-0.4.1.tgz#f8ab7e1f8418ce63cda6eb7bd778a85d7ec492b2"
  dependencies:
    CSSwhat "0.4"
    domutils "1.4"

CSSwhat@0.4:
  version "0.4.7"
  resolved "https://registry.yarnpkg.com/CSSwhat/-/CSSwhat-0.4.7.tgz#867da0ff39f778613242c44cfea83f0aa4ebdf9b"

async@~0.9.0:
  version "0.9.2"
  resolved "https://registry.yarnpkg.com/async/-/async-0.9.2.tgz#aea74d5e61c1f899613bf64bda66d4c78f2fd17d"

catch-stdout@0.0.1:
  version "0.0.1"
  resolved "https://registry.yarnpkg.com/catch-stdout/-/catch-stdout-0.0.1.tgz#6e295f8cfccd2c467f039c623a0150c644db9f8d"

cheerio@^0.17.0:
  version "0.17.0"
  resolved "https://registry.yarnpkg.com/cheerio/-/cheerio-0.17.0.tgz#fa5ae42cc60121133d296d0b46d983215f7268ea"
  dependencies:
    CSSselect "~0.4.0"
    dom-serializer "~0.0.0"
    entities "~1.1.1"
    htmlparser2 "~3.7.2"
    lodash "~2.4.1"

cheerio@^0.18.0:
  version "0.18.0"
  resolved "https://registry.yarnpkg.com/cheerio/-/cheerio-0.18.0.tgz#4e1c06377e725b740e996e0dfec353863de677fa"
  dependencies:
    CSSselect "~0.4.0"
    dom-serializer "~0.0.0"
    entities "~1.1.1"
    htmlparser2 "~3.8.1"
    lodash "~2.4.1"

combined-stream@~0.0.4:
  version "0.0.7"
  resolved "https://registry.yarnpkg.com/combined-stream/-/combined-stream-0.0.7.tgz#0137e657baa5a7541c57ac37ac5fc07d73b4dc1f"
  dependencies:
    delayed-stream "0.0.5"

component-emitter@1.1.2:
  version "1.1.2"
  resolved "https://registry.yarnpkg.com/component-emitter/-/component-emitter-1.1.2.tgz#296594f2753daa63996d2af08d15a95116c9aec3"

component-type@^1.1.0:
  version "1.2.1"
  resolved "https://registry.yarnpkg.com/component-type/-/component-type-1.2.1.tgz#8a47901700238e4fc32269771230226f24b415a9"

cookiejar@2.0.1:
  version "2.0.1"
  resolved "https://registry.yarnpkg.com/cookiejar/-/cookiejar-2.0.1.tgz#3d12752f6adf68a892f332433492bd5812bb668f"

core-util-is@~1.0.0:
  version "1.0.2"
  resolved "https://registry.yarnpkg.com/core-util-is/-/core-util-is-1.0.2.tgz#b5fd54220aa2bc5ab57aab7140c940754503c1a7"

debug@2, debug@^2.0.0, debug@^2.1.3:
  version "2.6.8"
  resolved "https://registry.yarnpkg.com/debug/-/debug-2.6.8.tgz#e731531ca2ede27d188222427da17821d68ff4fc"
  dependencies:
    ms "2.0.0"

delayed-stream@0.0.5:
  version "0.0.5"
  resolved "https://registry.yarnpkg.com/delayed-stream/-/delayed-stream-0.0.5.tgz#d4b1f43a93e8296dfe02694f4680bc37a313c73f"

dom-serializer@0, dom-serializer@~0.0.0:
  version "0.0.1"
  resolved "https://registry.yarnpkg.com/dom-serializer/-/dom-serializer-0.0.1.tgz#9589827f1e32d22c37c829adabd59b3247af8eaf"
  dependencies:
    domelementtype "~1.1.1"
    entities "~1.1.1"

domelementtype@1:
  version "1.3.0"
  resolved "https://registry.yarnpkg.com/domelementtype/-/domelementtype-1.3.0.tgz#b17aed82e8ab59e52dd9c19b1756e0fc187204c2"

domelementtype@~1.1.1:
  version "1.1.3"
  resolved "https://registry.yarnpkg.com/domelementtype/-/domelementtype-1.1.3.tgz#bd28773e2642881aec51544924299c5cd822185b"

domhandler@2.2:
  version "2.2.1"
  resolved "https://registry.yarnpkg.com/domhandler/-/domhandler-2.2.1.tgz#59df9dcd227e808b365ae73e1f6684ac3d946fc2"
  dependencies:
    domelementtype "1"

domhandler@2.3:
  version "2.3.0"
  resolved "https://registry.yarnpkg.com/domhandler/-/domhandler-2.3.0.tgz#2de59a0822d5027fabff6f032c2b25a2a8abe738"
  dependencies:
    domelementtype "1"

domutils@1.4:
  version "1.4.3"
  resolved "https://registry.yarnpkg.com/domutils/-/domutils-1.4.3.tgz#0865513796c6b306031850e175516baf80b72a6f"
  dependencies:
    domelementtype "1"

domutils@1.5:
  version "1.5.1"
  resolved "https://registry.yarnpkg.com/domutils/-/domutils-1.5.1.tgz#dcd8488a26f563d61079e48c9f7b7e32373682cf"
  dependencies:
    dom-serializer "0"
    domelementtype "1"

dotenv@^1.1.0:
  version "1.2.0"
  resolved "https://registry.yarnpkg.com/dotenv/-/dotenv-1.2.0.tgz#7cd73e16e07f057c8072147a5bc3a8677f0ab5c6"

entities@1.0:
  version "1.0.0"
  resolved "https://registry.yarnpkg.com/entities/-/entities-1.0.0.tgz#b2987aa3821347fcde642b24fdfc9e4fb712bf26"

entities@~1.1.1:
  version "1.1.1"
  resolved "https://registry.yarnpkg.com/entities/-/entities-1.1.1.tgz#6e5c2d0a5621b5dadaecef80b90edfb5cd7772f0"

extend@~1.2.1:
  version "1.2.1"
  resolved "https://registry.yarnpkg.com/extend/-/extend-1.2.1.tgz#a0f5fd6cfc83a5fe49ef698d60ec8a624dd4576c"

form-data@0.1.3:
  version "0.1.3"
  resolved "https://registry.yarnpkg.com/form-data/-/form-data-0.1.3.tgz#4ee4346e6eb5362e8344a02075bd8dbd8c7373ea"
  dependencies:
    async "~0.9.0"
    combined-stream "~0.0.4"
    mime "~1.2.11"

format-parser@0.0.2:
  version "0.0.2"
  resolved "https://registry.yarnpkg.com/format-parser/-/format-parser-0.0.2.tgz#4318822a8a9f1a29a0137253b908719c4f9222a2"

formidable@1.0.14:
  version "1.0.14"
  resolved "https://registry.yarnpkg.com/formidable/-/formidable-1.0.14.tgz#2b3f4c411cbb5fdd695c44843e2a23514a43231a"

htmlparser2@~3.7.2:
  version "3.7.3"
  resolved "https://registry.yarnpkg.com/htmlparser2/-/htmlparser2-3.7.3.tgz#6a64c77637c08c6f30ec2a8157a53333be7cb05e"
  dependencies:
    domelementtype "1"
    domhandler "2.2"
    domutils "1.5"
    entities "1.0"
    readable-stream "1.1"

htmlparser2@~3.8.1:
  version "3.8.3"
  resolved "https://registry.yarnpkg.com/htmlparser2/-/htmlparser2-3.8.3.tgz#996c28b191516a8be86501a7d79757e5c70c1068"
  dependencies:
    domelementtype "1"
    domhandler "2.3"
    domutils "1.5"
    entities "1.0"
    readable-stream "1.1"

inherits@~2.0.1:
  version "2.0.3"
  resolved "https://registry.yarnpkg.com/inherits/-/inherits-2.0.3.tgz#633c2c83e3da42a502f52466022480f4208261de"

is-browser@2.0.1:
  version "2.0.1"
  resolved "https://registry.yarnpkg.com/is-browser/-/is-browser-2.0.1.tgz#8bf0baf799a9c62fd9de5bcee4cf3397c3e7529a"

isarray@0.0.1:
  version "0.0.1"
  resolved "https://registry.yarnpkg.com/isarray/-/isarray-0.0.1.tgz#8a18acfca9a8f4177e09abfc6038939b05d1eedf"

lodash._arraymap@^3.0.0:
  version "3.0.0"
  resolved "https://registry.yarnpkg.com/lodash._arraymap/-/lodash._arraymap-3.0.0.tgz#1a8fd0f4c0df4b61dea076d717cdc97f0a3c3e66"

lodash._basedifference@^3.0.0:
  version "3.0.3"
  resolved "https://registry.yarnpkg.com/lodash._basedifference/-/lodash._basedifference-3.0.3.tgz#f2c204296c2a78e02b389081b6edcac933cf629c"
  dependencies:
    lodash._baseindexof "^3.0.0"
    lodash._cacheindexof "^3.0.0"
    lodash._createcache "^3.0.0"

lodash._baseflatten@^3.0.0:
  version "3.1.4"
  resolved "https://registry.yarnpkg.com/lodash._baseflatten/-/lodash._baseflatten-3.1.4.tgz#0770ff80131af6e34f3b511796a7ba5214e65ff7"
  dependencies:
    lodash.isarguments "^3.0.0"
    lodash.isarray "^3.0.0"

lodash._basefor@^3.0.0:
  version "3.0.3"
  resolved "https://registry.yarnpkg.com/lodash._basefor/-/lodash._basefor-3.0.3.tgz#7550b4e9218ef09fad24343b612021c79b4c20c2"

lodash._baseindexof@^3.0.0:
  version "3.1.0"
  resolved "https://registry.yarnpkg.com/lodash._baseindexof/-/lodash._baseindexof-3.1.0.tgz#fe52b53a1c6761e42618d654e4a25789ed61822c"

lodash._bindcallback@^3.0.0:
  version "3.0.1"
  resolved "https://registry.yarnpkg.com/lodash._bindcallback/-/lodash._bindcallback-3.0.1.tgz#e531c27644cf8b57a99e17ed95b35c748789392e"

lodash._cacheindexof@^3.0.0:
  version "3.0.2"
  resolved "https://registry.yarnpkg.com/lodash._cacheindexof/-/lodash._cacheindexof-3.0.2.tgz#3dc69ac82498d2ee5e3ce56091bafd2adc7bde92"

lodash._createcache@^3.0.0:
  version "3.1.2"
  resolved "https://registry.yarnpkg.com/lodash._createcache/-/lodash._createcache-3.1.2.tgz#56d6a064017625e79ebca6b8018e17440bdcf093"
  dependencies:
    lodash._getnative "^3.0.0"

lodash._getnative@^3.0.0:
  version "3.9.1"
  resolved "https://registry.yarnpkg.com/lodash._getnative/-/lodash._getnative-3.9.1.tgz#570bc7dede46d61cdcde687d65d3eecbaa3aaff5"

lodash._pickbyarray@^3.0.0:
  version "3.0.2"
  resolved "https://registry.yarnpkg.com/lodash._pickbyarray/-/lodash._pickbyarray-3.0.2.tgz#1f898d9607eb560b0e167384b77c7c6d108aa4c5"

lodash._pickbycallback@^3.0.0:
  version "3.0.0"
  resolved "https://registry.yarnpkg.com/lodash._pickbycallback/-/lodash._pickbycallback-3.0.0.tgz#ff61b9a017a7b3af7d30e6c53de28afa19b8750a"
  dependencies:
    lodash._basefor "^3.0.0"
    lodash.keysin "^3.0.0"

lodash.isarguments@^3.0.0:
  version "3.1.0"
  resolved "https://registry.yarnpkg.com/lodash.isarguments/-/lodash.isarguments-3.1.0.tgz#2f573d85c6a24289ff00663b491c1d338ff3458a"

lodash.isarray@^3.0.0:
  version "3.0.4"
  resolved "https://registry.yarnpkg.com/lodash.isarray/-/lodash.isarray-3.0.4.tgz#79e4eb88c36a8122af86f844aa9bcd851b5fbb55"

lodash.keysin@^3.0.0:
  version "3.0.8"
  resolved "https://registry.yarnpkg.com/lodash.keysin/-/lodash.keysin-3.0.8.tgz#22c4493ebbedb1427962a54b445b2c8a767fb47f"
  dependencies:
    lodash.isarguments "^3.0.0"
    lodash.isarray "^3.0.0"

lodash.omit@^3.0.0:
  version "3.1.0"
  resolved "https://registry.yarnpkg.com/lodash.omit/-/lodash.omit-3.1.0.tgz#897fe382e6413d9ac97c61f78ed1e057a00af9f3"
  dependencies:
    lodash._arraymap "^3.0.0"
    lodash._basedifference "^3.0.0"
    lodash._baseflatten "^3.0.0"
    lodash._bindcallback "^3.0.0"
    lodash._pickbyarray "^3.0.0"
    lodash._pickbycallback "^3.0.0"
    lodash.keysin "^3.0.0"
    lodash.restparam "^3.0.0"

lodash.restparam@^3.0.0:
  version "3.6.1"
  resolved "https://registry.yarnpkg.com/lodash.restparam/-/lodash.restparam-3.6.1.tgz#936a4e309ef330a7645ed4145986c85ae5b20805"

lodash.unzip@^3.0.0:
  version "3.4.0"
  resolved "https://registry.yarnpkg.com/lodash.unzip/-/lodash.unzip-3.4.0.tgz#99523e589832e0b4e1e8002462cd3c4501ba909f"

lodash.zip@^3.0.0:
  version "3.1.0"
  resolved "https://registry.yarnpkg.com/lodash.zip/-/lodash.zip-3.1.0.tgz#a328bc0d7df79e33fe389d127acc33a39636314d"
  dependencies:
    lodash.restparam "^3.0.0"
    lodash.unzip "^3.0.0"

lodash@~2.4.1:
  version "2.4.2"
  resolved "https://registry.yarnpkg.com/lodash/-/lodash-2.4.2.tgz#fadd834b9683073da179b3eae6d9c0d15053f73e"

methods@1.0.1:
  version "1.0.1"
  resolved "https://registry.yarnpkg.com/methods/-/methods-1.0.1.tgz#75bc91943dffd7da037cf3eeb0ed73a0037cd14b"

mime-db@~1.25.0:
  version "1.25.0"
  resolved "https://registry.yarnpkg.com/mime-db/-/mime-db-1.25.0.tgz#c18dbd7c73a5dbf6f44a024dc0d165a1e7b1c392"

mime-types@2.1.13:
  version "2.1.13"
  resolved "https://registry.yarnpkg.com/mime-types/-/mime-types-2.1.13.tgz#e07aaa9c6c6b9a7ca3012c69003ad25a39e92a88"
  dependencies:
    mime-db "~1.25.0"

mime@1.2.11, mime@~1.2.11:
  version "1.2.11"
  resolved "https://registry.yarnpkg.com/mime/-/mime-1.2.11.tgz#58203eed86e3a5ef17aed2b7d9ebd47f0a60dd10"

ms@2.0.0:
  version "2.0.0"
  resolved "https://registry.yarnpkg.com/ms/-/ms-2.0.0.tgz#5608aeadfc00be6c2901df5f9861788de0d597c8"

object-assign@^2.0.0:
  version "2.1.1"
  resolved "https://registry.yarnpkg.com/object-assign/-/object-assign-2.1.1.tgz#43c36e5d569ff8e4816c4efa8be02d26967c18aa"

qs@1.2.0:
  version "1.2.0"
  resolved "https://registry.yarnpkg.com/qs/-/qs-1.2.0.tgz#ed079be28682147e6fd9a34cc2b0c1e0ec6453ee"

readable-stream@1.0.27-1:
  version "1.0.27-1"
  resolved "https://registry.yarnpkg.com/readable-stream/-/readable-stream-1.0.27-1.tgz#6b67983c20357cefd07f0165001a16d710d91078"
  dependencies:
    core-util-is "~1.0.0"
    inherits "~2.0.1"
    isarray "0.0.1"
    string_decoder "~0.10.x"

readable-stream@1.1:
  version "1.1.13"
  resolved "https://registry.yarnpkg.com/readable-stream/-/readable-stream-1.1.13.tgz#f6eef764f514c89e2b9e23146a75ba106756d23e"
  dependencies:
    core-util-is "~1.0.0"
    inherits "~2.0.1"
    isarray "0.0.1"
    string_decoder "~0.10.x"

reduce-component@1.0.1:
  version "1.0.1"
  resolved "https://registry.yarnpkg.com/reduce-component/-/reduce-component-1.0.1.tgz#e0c93542c574521bea13df0f9488ed82ab77c5da"

rss@^1.1.1:
  version "1.2.2"
  resolved "https://registry.yarnpkg.com/rss/-/rss-1.2.2.tgz#50a1698876138133a74f9a05d2bdc8db8d27a921"
  dependencies:
    mime-types "2.1.13"
    xml "1.0.1"

string_decoder@~0.10.x:
  version "0.10.31"
  resolved "https://registry.yarnpkg.com/string_decoder/-/string_decoder-0.10.31.tgz#62e203bc41766c6c28c9fc84301dab1c5310fa94"

superagent@^0.21.0:
  version "0.21.0"
  resolved "https://registry.yarnpkg.com/superagent/-/superagent-0.21.0.tgz#fb15027984751ee7152200e6cd21cd6e19a5de87"
  dependencies:
    component-emitter "1.1.2"
    cookiejar "2.0.1"
    debug "2"
    extend "~1.2.1"
    form-data "0.1.3"
    formidable "1.0.14"
    methods "1.0.1"
    mime "1.2.11"
    qs "1.2.0"
    readable-stream "1.0.27-1"
    reduce-component "1.0.1"

x-ray-select@^1.0.6:
  version "1.1.0"
  resolved "https://registry.yarnpkg.com/x-ray-select/-/x-ray-select-1.1.0.tgz#8837e6d078110f7029732016f7ecce5e2acaefa7"
  dependencies:
    cheerio "^0.18.0"
    component-type "^1.1.0"
    format-parser "0.0.2"
    lodash.omit "^3.0.0"
    lodash.zip "^3.0.0"

x-ray@^1.0.5:
  version "1.0.5"
  resolved "https://registry.yarnpkg.com/x-ray/-/x-ray-1.0.5.tgz#9f6fab281f13525b55b35111afd3a327dc1082a8"
  dependencies:
    catch-stdout "0.0.1"
    cheerio "^0.17.0"
    debug "^2.0.0"
    object-assign "^2.0.0"
    superagent "^0.21.0"
    x-ray-select "^1.0.6"
    yieldly "0.0.1"

xml@1.0.1:
  version "1.0.1"
  resolved "https://registry.yarnpkg.com/xml/-/xml-1.0.1.tgz#78ba72020029c5bc87b8a81a3cfcd74b4a2fc1e5"

yieldly@0.0.1:
  version "0.0.1"
  resolved "https://registry.yarnpkg.com/yieldly/-/yieldly-0.0.1.tgz#7d64c856e4f1cd3c35a78f86e0a2960e6a7d0474"
  dependencies:
    is-browser "2.0.1"
